
Microsoft Visual Studio Solution File, Format Version 12.00
# Visual Studio Version 16
VisualStudioVersion = 16.0.29503.13
MinimumVisualStudioVersion = 10.0.40219.1
Project("{FAE04EC0-301F-11D3-BF4B-00C04F79EFBC}") = "Project01", "Project01\Project01.csproj", "{A2A62557-4F1C-4CBC-B66A-72D06574D1DE}"
EndProject
Global
	GlobalSection(SolutionConfigurationPlatforms) = preSolution
		Debug|Any CPU = Debug|Any CPU
		Release|Any CPU = Release|Any CPU
	EndGlobalSection
	GlobalSection(ProjectConfigurationPlatforms) = postSolution
		{A2A62557-4F1C-4CBC-B66A-72D06574D1DE}.Debug|Any CPU.ActiveCfg = Debug|Any CPU
		{A2A62557-4F1C-4CBC-B66A-72D06574D1DE}.Debug|Any CPU.Build.0 = Debug|Any CPU
		{A2A62557-4F1C-4CBC-B66A-72D06574D1DE}.Release|Any CPU.ActiveCfg = Release|Any CPU
		{A2A62557-4F1C-4CBC-B66A-72D06574D1DE}.Release|Any CPU.Build.0 = Release|Any CPU
	EndGlobalSection
	GlobalSection(SolutionProperties) = preSolution
		HideSolutionNode = FALSE
	EndGlobalSection
	GlobalSection(ExtensibilityGlobals) = postSolution
		SolutionGuid = {43BEECED-51DA-4871-AE4F-22F89230A848}
	EndGlobalSection
EndGlobal
